// !$*UTF8*$!
{
	archiveVersion = 1;
	classes = {
	};
	objectVersion = 46;
	objects = {

/* Begin PBXBuildFile section */
		2601088F181596820037E795 /* ETSCollectionViewController.m in Sources */ = {isa = PBXBuildFile; fileRef = 2601088E181596820037E795 /* ETSCollectionViewController.m */; };
		26085B3D1829D84300FE35AB /* ETSAPIURL.plist in Resources */ = {isa = PBXBuildFile; fileRef = 26085B3C1829D84300FE35AB /* ETSAPIURL.plist */; };
		26085B401829D8D700FE35AB /* NSURL+API.m in Sources */ = {isa = PBXBuildFile; fileRef = 26085B3F1829D8D700FE35AB /* NSURL+API.m */; };
		262A6346182B3DDA00B786A0 /* ETSCourseDetailViewController.m in Sources */ = {isa = PBXBuildFile; fileRef = 262A6345182B3DDA00B786A0 /* ETSCourseDetailViewController.m */; };
		263770941831AFB200D18F94 /* ETSEvaluation.m in Sources */ = {isa = PBXBuildFile; fileRef = 263770931831AFB200D18F94 /* ETSEvaluation.m */; };
		266BE78417ECEFF300F44252 /* MFSideMenuContainerViewController.m in Sources */ = {isa = PBXBuildFile; fileRef = 266BE77F17ECEFF300F44252 /* MFSideMenuContainerViewController.m */; };
		266BE78517ECEFF300F44252 /* MFSideMenuShadow.m in Sources */ = {isa = PBXBuildFile; fileRef = 266BE78117ECEFF300F44252 /* MFSideMenuShadow.m */; };
		266BE78617ECEFF300F44252 /* UIViewController+MFSideMenuAdditions.m in Sources */ = {isa = PBXBuildFile; fileRef = 266BE78317ECEFF300F44252 /* UIViewController+MFSideMenuAdditions.m */; };
		266ED340182EC29D00DC1280 /* ETSTableViewController.m in Sources */ = {isa = PBXBuildFile; fileRef = 266ED33F182EC29D00DC1280 /* ETSTableViewController.m */; };
		266ED35018300D2900DC1280 /* ETSCourse.m in Sources */ = {isa = PBXBuildFile; fileRef = 266ED34F18300D2900DC1280 /* ETSCourse.m */; };
		2693168818359EE200DE95A0 /* ETSDirectoryViewController.m in Sources */ = {isa = PBXBuildFile; fileRef = 2693168718359EE200DE95A0 /* ETSDirectoryViewController.m */; };
		269316941835DA2900DE95A0 /* AddressBook.framework in Frameworks */ = {isa = PBXBuildFile; fileRef = 269316931835DA2900DE95A0 /* AddressBook.framework */; };
		269316961835DA2D00DE95A0 /* AddressBookUI.framework in Frameworks */ = {isa = PBXBuildFile; fileRef = 269316951835DA2D00DE95A0 /* AddressBookUI.framework */; };
		2698C6F21827498800F6281F /* ETSAuthenticationViewController.m in Sources */ = {isa = PBXBuildFile; fileRef = 2698C6F11827498800F6281F /* ETSAuthenticationViewController.m */; };
		2698C6F518274F4B00F6281F /* KeychainItemWrapper.m in Sources */ = {isa = PBXBuildFile; fileRef = 2698C6F418274F4B00F6281F /* KeychainItemWrapper.m */; };
		2698C6FA182834E000F6281F /* ETSCourseCell.m in Sources */ = {isa = PBXBuildFile; fileRef = 2698C6F9182834E000F6281F /* ETSCourseCell.m */; };
		269BFF521810A9A3005D2950 /* ETSConnection.m in Sources */ = {isa = PBXBuildFile; fileRef = 269BFF511810A9A3005D2950 /* ETSConnection.m */; };
		269BFF561811A41C005D2950 /* NSManagedObject+SetValues.m in Sources */ = {isa = PBXBuildFile; fileRef = 269BFF551811A41C005D2950 /* NSManagedObject+SetValues.m */; };
		269BFF581811A640005D2950 /* ETSAPICoreDataMapping.plist in Resources */ = {isa = PBXBuildFile; fileRef = 269BFF571811A640005D2950 /* ETSAPICoreDataMapping.plist */; };
		269BFF5C1814C649005D2950 /* ETSCoursesViewController.m in Sources */ = {isa = PBXBuildFile; fileRef = 269BFF5B1814C649005D2950 /* ETSCoursesViewController.m */; };
		26A65542182ABE6E00DEE9B7 /* NSURLRequest+API.m in Sources */ = {isa = PBXBuildFile; fileRef = 26A65541182ABE6E00DEE9B7 /* NSURLRequest+API.m */; };
		26AAF7D9183A861D00C87DEF /* ETSContact.m in Sources */ = {isa = PBXBuildFile; fileRef = 26AAF7D8183A861D00C87DEF /* ETSContact.m */; };
		26AE185D17F296CD00DB1EB4 /* QuartzCore.framework in Frameworks */ = {isa = PBXBuildFile; fileRef = 26AE185B17F2966200DB1EB4 /* QuartzCore.framework */; };
		26AE186217F327AC00DB1EB4 /* UIColor+Styles.m in Sources */ = {isa = PBXBuildFile; fileRef = 26AE186117F327AC00DB1EB4 /* UIColor+Styles.m */; };
		26AE186617F32CC800DB1EB4 /* UIStoryboard+ViewController.m in Sources */ = {isa = PBXBuildFile; fileRef = 26AE186517F32CC800DB1EB4 /* UIStoryboard+ViewController.m */; };
		26DD92A817EA610D00469FA8 /* Foundation.framework in Frameworks */ = {isa = PBXBuildFile; fileRef = 26DD92A717EA610D00469FA8 /* Foundation.framework */; };
		26DD92AA17EA610D00469FA8 /* CoreGraphics.framework in Frameworks */ = {isa = PBXBuildFile; fileRef = 26DD92A917EA610D00469FA8 /* CoreGraphics.framework */; };
		26DD92AC17EA610D00469FA8 /* UIKit.framework in Frameworks */ = {isa = PBXBuildFile; fileRef = 26DD92AB17EA610D00469FA8 /* UIKit.framework */; };
		26DD92AE17EA610D00469FA8 /* CoreData.framework in Frameworks */ = {isa = PBXBuildFile; fileRef = 26DD92AD17EA610D00469FA8 /* CoreData.framework */; };
		26DD92B417EA610D00469FA8 /* InfoPlist.strings in Resources */ = {isa = PBXBuildFile; fileRef = 26DD92B217EA610D00469FA8 /* InfoPlist.strings */; };
		26DD92B617EA610D00469FA8 /* main.m in Sources */ = {isa = PBXBuildFile; fileRef = 26DD92B517EA610D00469FA8 /* main.m */; };
		26DD92BA17EA610D00469FA8 /* ETSAppDelegate.m in Sources */ = {isa = PBXBuildFile; fileRef = 26DD92B917EA610D00469FA8 /* ETSAppDelegate.m */; };
		26DD92BD17EA610D00469FA8 /* Main_iPhone.storyboard in Resources */ = {isa = PBXBuildFile; fileRef = 26DD92BB17EA610D00469FA8 /* Main_iPhone.storyboard */; };
		26DD92C017EA610D00469FA8 /* Main_iPad.storyboard in Resources */ = {isa = PBXBuildFile; fileRef = 26DD92BE17EA610D00469FA8 /* Main_iPad.storyboard */; };
		26DD92C317EA610D00469FA8 /* ETSMobile.xcdatamodeld in Sources */ = {isa = PBXBuildFile; fileRef = 26DD92C117EA610D00469FA8 /* ETSMobile.xcdatamodeld */; };
		26DD92C617EA610D00469FA8 /* ETSMasterViewController.m in Sources */ = {isa = PBXBuildFile; fileRef = 26DD92C517EA610D00469FA8 /* ETSMasterViewController.m */; };
		26DD92C917EA610D00469FA8 /* ETSDetailViewController.m in Sources */ = {isa = PBXBuildFile; fileRef = 26DD92C817EA610D00469FA8 /* ETSDetailViewController.m */; };
		26DD92CB17EA610D00469FA8 /* Images.xcassets in Resources */ = {isa = PBXBuildFile; fileRef = 26DD92CA17EA610D00469FA8 /* Images.xcassets */; };
		26DD92D217EA610D00469FA8 /* XCTest.framework in Frameworks */ = {isa = PBXBuildFile; fileRef = 26DD92D117EA610D00469FA8 /* XCTest.framework */; };
		26DD92D317EA610D00469FA8 /* Foundation.framework in Frameworks */ = {isa = PBXBuildFile; fileRef = 26DD92A717EA610D00469FA8 /* Foundation.framework */; };
		26DD92D417EA610D00469FA8 /* UIKit.framework in Frameworks */ = {isa = PBXBuildFile; fileRef = 26DD92AB17EA610D00469FA8 /* UIKit.framework */; };
		26DD92D517EA610D00469FA8 /* CoreData.framework in Frameworks */ = {isa = PBXBuildFile; fileRef = 26DD92AD17EA610D00469FA8 /* CoreData.framework */; };
		26DD92DD17EA610D00469FA8 /* InfoPlist.strings in Resources */ = {isa = PBXBuildFile; fileRef = 26DD92DB17EA610D00469FA8 /* InfoPlist.strings */; };
		26DD92DF17EA610D00469FA8 /* ETSMobileTests.m in Sources */ = {isa = PBXBuildFile; fileRef = 26DD92DE17EA610D00469FA8 /* ETSMobileTests.m */; };
		26DD92F017EA624A00469FA8 /* ETSMenuViewController.m in Sources */ = {isa = PBXBuildFile; fileRef = 26DD92EF17EA624A00469FA8 /* ETSMenuViewController.m */; };
		26DD92F317EA625200469FA8 /* ETSNewsViewController.m in Sources */ = {isa = PBXBuildFile; fileRef = 26DD92F217EA625200469FA8 /* ETSNewsViewController.m */; };
		26F393231829984F00995E16 /* ETSSessionHeader.m in Sources */ = {isa = PBXBuildFile; fileRef = 26F393221829984F00995E16 /* ETSSessionHeader.m */; };
/* End PBXBuildFile section */

/* Begin PBXContainerItemProxy section */
		26DD92D617EA610D00469FA8 /* PBXContainerItemProxy */ = {
			isa = PBXContainerItemProxy;
			containerPortal = 26DD929C17EA610D00469FA8 /* Project object */;
			proxyType = 1;
			remoteGlobalIDString = 26DD92A317EA610D00469FA8;
			remoteInfo = ETSMobile;
		};
/* End PBXContainerItemProxy section */

/* Begin PBXFileReference section */
		2601088D181596820037E795 /* ETSCollectionViewController.h */ = {isa = PBXFileReference; fileEncoding = 4; lastKnownFileType = sourcecode.c.h; path = ETSCollectionViewController.h; sourceTree = "<group>"; };
		2601088E181596820037E795 /* ETSCollectionViewController.m */ = {isa = PBXFileReference; fileEncoding = 4; lastKnownFileType = sourcecode.c.objc; path = ETSCollectionViewController.m; sourceTree = "<group>"; };
		26085B3C1829D84300FE35AB /* ETSAPIURL.plist */ = {isa = PBXFileReference; fileEncoding = 4; lastKnownFileType = text.plist.xml; path = ETSAPIURL.plist; sourceTree = "<group>"; };
		26085B3E1829D8D700FE35AB /* NSURL+API.h */ = {isa = PBXFileReference; fileEncoding = 4; lastKnownFileType = sourcecode.c.h; path = "NSURL+API.h"; sourceTree = "<group>"; };
		26085B3F1829D8D700FE35AB /* NSURL+API.m */ = {isa = PBXFileReference; fileEncoding = 4; lastKnownFileType = sourcecode.c.objc; path = "NSURL+API.m"; sourceTree = "<group>"; };
		262A6344182B3DDA00B786A0 /* ETSCourseDetailViewController.h */ = {isa = PBXFileReference; fileEncoding = 4; lastKnownFileType = sourcecode.c.h; path = ETSCourseDetailViewController.h; sourceTree = "<group>"; };
		262A6345182B3DDA00B786A0 /* ETSCourseDetailViewController.m */ = {isa = PBXFileReference; fileEncoding = 4; lastKnownFileType = sourcecode.c.objc; path = ETSCourseDetailViewController.m; sourceTree = "<group>"; };
		263770921831AFB200D18F94 /* ETSEvaluation.h */ = {isa = PBXFileReference; fileEncoding = 4; lastKnownFileType = sourcecode.c.h; path = ETSEvaluation.h; sourceTree = "<group>"; };
		263770931831AFB200D18F94 /* ETSEvaluation.m */ = {isa = PBXFileReference; fileEncoding = 4; lastKnownFileType = sourcecode.c.objc; path = ETSEvaluation.m; sourceTree = "<group>"; };
		266BE77D17ECEFF300F44252 /* MFSideMenu.h */ = {isa = PBXFileReference; fileEncoding = 4; lastKnownFileType = sourcecode.c.h; name = MFSideMenu.h; path = Vendors/MFSideMenu/MFSideMenu/MFSideMenu.h; sourceTree = "<group>"; };
		266BE77E17ECEFF300F44252 /* MFSideMenuContainerViewController.h */ = {isa = PBXFileReference; fileEncoding = 4; lastKnownFileType = sourcecode.c.h; name = MFSideMenuContainerViewController.h; path = Vendors/MFSideMenu/MFSideMenu/MFSideMenuContainerViewController.h; sourceTree = "<group>"; };
		266BE77F17ECEFF300F44252 /* MFSideMenuContainerViewController.m */ = {isa = PBXFileReference; fileEncoding = 4; lastKnownFileType = sourcecode.c.objc; name = MFSideMenuContainerViewController.m; path = Vendors/MFSideMenu/MFSideMenu/MFSideMenuContainerViewController.m; sourceTree = "<group>"; };
		266BE78017ECEFF300F44252 /* MFSideMenuShadow.h */ = {isa = PBXFileReference; fileEncoding = 4; lastKnownFileType = sourcecode.c.h; name = MFSideMenuShadow.h; path = Vendors/MFSideMenu/MFSideMenu/MFSideMenuShadow.h; sourceTree = "<group>"; };
		266BE78117ECEFF300F44252 /* MFSideMenuShadow.m */ = {isa = PBXFileReference; fileEncoding = 4; lastKnownFileType = sourcecode.c.objc; name = MFSideMenuShadow.m; path = Vendors/MFSideMenu/MFSideMenu/MFSideMenuShadow.m; sourceTree = "<group>"; };
		266BE78217ECEFF300F44252 /* UIViewController+MFSideMenuAdditions.h */ = {isa = PBXFileReference; fileEncoding = 4; lastKnownFileType = sourcecode.c.h; name = "UIViewController+MFSideMenuAdditions.h"; path = "Vendors/MFSideMenu/MFSideMenu/UIViewController+MFSideMenuAdditions.h"; sourceTree = "<group>"; };
		266BE78317ECEFF300F44252 /* UIViewController+MFSideMenuAdditions.m */ = {isa = PBXFileReference; fileEncoding = 4; lastKnownFileType = sourcecode.c.objc; name = "UIViewController+MFSideMenuAdditions.m"; path = "Vendors/MFSideMenu/MFSideMenu/UIViewController+MFSideMenuAdditions.m"; sourceTree = "<group>"; };
		266ED33E182EC29D00DC1280 /* ETSTableViewController.h */ = {isa = PBXFileReference; fileEncoding = 4; lastKnownFileType = sourcecode.c.h; path = ETSTableViewController.h; sourceTree = "<group>"; };
		266ED33F182EC29D00DC1280 /* ETSTableViewController.m */ = {isa = PBXFileReference; fileEncoding = 4; lastKnownFileType = sourcecode.c.objc; path = ETSTableViewController.m; sourceTree = "<group>"; };
		266ED34E18300D2900DC1280 /* ETSCourse.h */ = {isa = PBXFileReference; fileEncoding = 4; lastKnownFileType = sourcecode.c.h; path = ETSCourse.h; sourceTree = "<group>"; };
		266ED34F18300D2900DC1280 /* ETSCourse.m */ = {isa = PBXFileReference; fileEncoding = 4; lastKnownFileType = sourcecode.c.objc; path = ETSCourse.m; sourceTree = "<group>"; };
		2693168618359EE200DE95A0 /* ETSDirectoryViewController.h */ = {isa = PBXFileReference; fileEncoding = 4; lastKnownFileType = sourcecode.c.h; path = ETSDirectoryViewController.h; sourceTree = "<group>"; };
		2693168718359EE200DE95A0 /* ETSDirectoryViewController.m */ = {isa = PBXFileReference; fileEncoding = 4; lastKnownFileType = sourcecode.c.objc; path = ETSDirectoryViewController.m; sourceTree = "<group>"; };
		269316931835DA2900DE95A0 /* AddressBook.framework */ = {isa = PBXFileReference; lastKnownFileType = wrapper.framework; name = AddressBook.framework; path = System/Library/Frameworks/AddressBook.framework; sourceTree = SDKROOT; };
		269316951835DA2D00DE95A0 /* AddressBookUI.framework */ = {isa = PBXFileReference; lastKnownFileType = wrapper.framework; name = AddressBookUI.framework; path = System/Library/Frameworks/AddressBookUI.framework; sourceTree = SDKROOT; };
		2698C6F01827498800F6281F /* ETSAuthenticationViewController.h */ = {isa = PBXFileReference; fileEncoding = 4; lastKnownFileType = sourcecode.c.h; path = ETSAuthenticationViewController.h; sourceTree = "<group>"; };
		2698C6F11827498800F6281F /* ETSAuthenticationViewController.m */ = {isa = PBXFileReference; fileEncoding = 4; lastKnownFileType = sourcecode.c.objc; path = ETSAuthenticationViewController.m; sourceTree = "<group>"; };
		2698C6F318274F4B00F6281F /* KeychainItemWrapper.h */ = {isa = PBXFileReference; fileEncoding = 4; lastKnownFileType = sourcecode.c.h; name = KeychainItemWrapper.h; path = Vendors/KeychainWrapper/KeychainItemWrapper.h; sourceTree = "<group>"; };
		2698C6F418274F4B00F6281F /* KeychainItemWrapper.m */ = {isa = PBXFileReference; fileEncoding = 4; lastKnownFileType = sourcecode.c.objc; name = KeychainItemWrapper.m; path = Vendors/KeychainWrapper/KeychainItemWrapper.m; sourceTree = "<group>"; };
		2698C6F8182834E000F6281F /* ETSCourseCell.h */ = {isa = PBXFileReference; fileEncoding = 4; lastKnownFileType = sourcecode.c.h; path = ETSCourseCell.h; sourceTree = "<group>"; };
		2698C6F9182834E000F6281F /* ETSCourseCell.m */ = {isa = PBXFileReference; fileEncoding = 4; lastKnownFileType = sourcecode.c.objc; path = ETSCourseCell.m; sourceTree = "<group>"; };
		269BFF501810A9A3005D2950 /* ETSConnection.h */ = {isa = PBXFileReference; fileEncoding = 4; lastKnownFileType = sourcecode.c.h; path = ETSConnection.h; sourceTree = "<group>"; };
		269BFF511810A9A3005D2950 /* ETSConnection.m */ = {isa = PBXFileReference; fileEncoding = 4; lastKnownFileType = sourcecode.c.objc; path = ETSConnection.m; sourceTree = "<group>"; };
		269BFF541811A41C005D2950 /* NSManagedObject+SetValues.h */ = {isa = PBXFileReference; fileEncoding = 4; lastKnownFileType = sourcecode.c.h; path = "NSManagedObject+SetValues.h"; sourceTree = "<group>"; };
		269BFF551811A41C005D2950 /* NSManagedObject+SetValues.m */ = {isa = PBXFileReference; fileEncoding = 4; lastKnownFileType = sourcecode.c.objc; path = "NSManagedObject+SetValues.m"; sourceTree = "<group>"; };
		269BFF571811A640005D2950 /* ETSAPICoreDataMapping.plist */ = {isa = PBXFileReference; fileEncoding = 4; lastKnownFileType = text.plist.xml; path = ETSAPICoreDataMapping.plist; sourceTree = "<group>"; };
		269BFF5A1814C649005D2950 /* ETSCoursesViewController.h */ = {isa = PBXFileReference; fileEncoding = 4; lastKnownFileType = sourcecode.c.h; path = ETSCoursesViewController.h; sourceTree = "<group>"; };
		269BFF5B1814C649005D2950 /* ETSCoursesViewController.m */ = {isa = PBXFileReference; fileEncoding = 4; lastKnownFileType = sourcecode.c.objc; path = ETSCoursesViewController.m; sourceTree = "<group>"; };
		26A65540182ABE6E00DEE9B7 /* NSURLRequest+API.h */ = {isa = PBXFileReference; fileEncoding = 4; lastKnownFileType = sourcecode.c.h; path = "NSURLRequest+API.h"; sourceTree = "<group>"; };
		26A65541182ABE6E00DEE9B7 /* NSURLRequest+API.m */ = {isa = PBXFileReference; fileEncoding = 4; lastKnownFileType = sourcecode.c.objc; path = "NSURLRequest+API.m"; sourceTree = "<group>"; };
		26AAF7D7183A861D00C87DEF /* ETSContact.h */ = {isa = PBXFileReference; fileEncoding = 4; lastKnownFileType = sourcecode.c.h; path = ETSContact.h; sourceTree = "<group>"; };
		26AAF7D8183A861D00C87DEF /* ETSContact.m */ = {isa = PBXFileReference; fileEncoding = 4; lastKnownFileType = sourcecode.c.objc; path = ETSContact.m; sourceTree = "<group>"; };
		26AE185B17F2966200DB1EB4 /* QuartzCore.framework */ = {isa = PBXFileReference; lastKnownFileType = wrapper.framework; name = QuartzCore.framework; path = System/Library/Frameworks/QuartzCore.framework; sourceTree = SDKROOT; };
		26AE186017F327AC00DB1EB4 /* UIColor+Styles.h */ = {isa = PBXFileReference; fileEncoding = 4; lastKnownFileType = sourcecode.c.h; path = "UIColor+Styles.h"; sourceTree = "<group>"; };
		26AE186117F327AC00DB1EB4 /* UIColor+Styles.m */ = {isa = PBXFileReference; fileEncoding = 4; lastKnownFileType = sourcecode.c.objc; path = "UIColor+Styles.m"; sourceTree = "<group>"; };
		26AE186417F32CC800DB1EB4 /* UIStoryboard+ViewController.h */ = {isa = PBXFileReference; fileEncoding = 4; lastKnownFileType = sourcecode.c.h; path = "UIStoryboard+ViewController.h"; sourceTree = "<group>"; };
		26AE186517F32CC800DB1EB4 /* UIStoryboard+ViewController.m */ = {isa = PBXFileReference; fileEncoding = 4; lastKnownFileType = sourcecode.c.objc; path = "UIStoryboard+ViewController.m"; sourceTree = "<group>"; };
		26DD92A417EA610D00469FA8 /* ETSMobile.app */ = {isa = PBXFileReference; explicitFileType = wrapper.application; includeInIndex = 0; path = ETSMobile.app; sourceTree = BUILT_PRODUCTS_DIR; };
		26DD92A717EA610D00469FA8 /* Foundation.framework */ = {isa = PBXFileReference; lastKnownFileType = wrapper.framework; name = Foundation.framework; path = System/Library/Frameworks/Foundation.framework; sourceTree = SDKROOT; };
		26DD92A917EA610D00469FA8 /* CoreGraphics.framework */ = {isa = PBXFileReference; lastKnownFileType = wrapper.framework; name = CoreGraphics.framework; path = System/Library/Frameworks/CoreGraphics.framework; sourceTree = SDKROOT; };
		26DD92AB17EA610D00469FA8 /* UIKit.framework */ = {isa = PBXFileReference; lastKnownFileType = wrapper.framework; name = UIKit.framework; path = System/Library/Frameworks/UIKit.framework; sourceTree = SDKROOT; };
		26DD92AD17EA610D00469FA8 /* CoreData.framework */ = {isa = PBXFileReference; lastKnownFileType = wrapper.framework; name = CoreData.framework; path = System/Library/Frameworks/CoreData.framework; sourceTree = SDKROOT; };
		26DD92B117EA610D00469FA8 /* ETSMobile-Info.plist */ = {isa = PBXFileReference; lastKnownFileType = text.plist.xml; path = "ETSMobile-Info.plist"; sourceTree = "<group>"; };
		26DD92B317EA610D00469FA8 /* en */ = {isa = PBXFileReference; lastKnownFileType = text.plist.strings; name = en; path = en.lproj/InfoPlist.strings; sourceTree = "<group>"; };
		26DD92B517EA610D00469FA8 /* main.m */ = {isa = PBXFileReference; lastKnownFileType = sourcecode.c.objc; path = main.m; sourceTree = "<group>"; };
		26DD92B717EA610D00469FA8 /* ETSMobile-Prefix.pch */ = {isa = PBXFileReference; lastKnownFileType = sourcecode.c.h; path = "ETSMobile-Prefix.pch"; sourceTree = "<group>"; };
		26DD92B817EA610D00469FA8 /* ETSAppDelegate.h */ = {isa = PBXFileReference; lastKnownFileType = sourcecode.c.h; path = ETSAppDelegate.h; sourceTree = "<group>"; };
		26DD92B917EA610D00469FA8 /* ETSAppDelegate.m */ = {isa = PBXFileReference; lastKnownFileType = sourcecode.c.objc; path = ETSAppDelegate.m; sourceTree = "<group>"; };
		26DD92BC17EA610D00469FA8 /* Base */ = {isa = PBXFileReference; lastKnownFileType = file.storyboard; name = Base; path = Base.lproj/Main_iPhone.storyboard; sourceTree = "<group>"; };
		26DD92BF17EA610D00469FA8 /* Base */ = {isa = PBXFileReference; lastKnownFileType = file.storyboard; name = Base; path = Base.lproj/Main_iPad.storyboard; sourceTree = "<group>"; };
		26DD92C217EA610D00469FA8 /* ETSMobile.xcdatamodel */ = {isa = PBXFileReference; lastKnownFileType = wrapper.xcdatamodel; path = ETSMobile.xcdatamodel; sourceTree = "<group>"; };
		26DD92C417EA610D00469FA8 /* ETSMasterViewController.h */ = {isa = PBXFileReference; lastKnownFileType = sourcecode.c.h; path = ETSMasterViewController.h; sourceTree = "<group>"; };
		26DD92C517EA610D00469FA8 /* ETSMasterViewController.m */ = {isa = PBXFileReference; lastKnownFileType = sourcecode.c.objc; path = ETSMasterViewController.m; sourceTree = "<group>"; };
		26DD92C717EA610D00469FA8 /* ETSDetailViewController.h */ = {isa = PBXFileReference; lastKnownFileType = sourcecode.c.h; path = ETSDetailViewController.h; sourceTree = "<group>"; };
		26DD92C817EA610D00469FA8 /* ETSDetailViewController.m */ = {isa = PBXFileReference; lastKnownFileType = sourcecode.c.objc; path = ETSDetailViewController.m; sourceTree = "<group>"; };
		26DD92CA17EA610D00469FA8 /* Images.xcassets */ = {isa = PBXFileReference; lastKnownFileType = folder.assetcatalog; path = Images.xcassets; sourceTree = "<group>"; };
		26DD92D017EA610D00469FA8 /* ETSMobileTests.xctest */ = {isa = PBXFileReference; explicitFileType = wrapper.cfbundle; includeInIndex = 0; path = ETSMobileTests.xctest; sourceTree = BUILT_PRODUCTS_DIR; };
		26DD92D117EA610D00469FA8 /* XCTest.framework */ = {isa = PBXFileReference; lastKnownFileType = wrapper.framework; name = XCTest.framework; path = Library/Frameworks/XCTest.framework; sourceTree = DEVELOPER_DIR; };
		26DD92DA17EA610D00469FA8 /* ETSMobileTests-Info.plist */ = {isa = PBXFileReference; lastKnownFileType = text.plist.xml; path = "ETSMobileTests-Info.plist"; sourceTree = "<group>"; };
		26DD92DC17EA610D00469FA8 /* en */ = {isa = PBXFileReference; lastKnownFileType = text.plist.strings; name = en; path = en.lproj/InfoPlist.strings; sourceTree = "<group>"; };
		26DD92DE17EA610D00469FA8 /* ETSMobileTests.m */ = {isa = PBXFileReference; lastKnownFileType = sourcecode.c.objc; path = ETSMobileTests.m; sourceTree = "<group>"; };
		26DD92EE17EA624A00469FA8 /* ETSMenuViewController.h */ = {isa = PBXFileReference; fileEncoding = 4; lastKnownFileType = sourcecode.c.h; path = ETSMenuViewController.h; sourceTree = "<group>"; };
		26DD92EF17EA624A00469FA8 /* ETSMenuViewController.m */ = {isa = PBXFileReference; fileEncoding = 4; lastKnownFileType = sourcecode.c.objc; path = ETSMenuViewController.m; sourceTree = "<group>"; };
		26DD92F117EA625200469FA8 /* ETSNewsViewController.h */ = {isa = PBXFileReference; fileEncoding = 4; lastKnownFileType = sourcecode.c.h; path = ETSNewsViewController.h; sourceTree = "<group>"; };
		26DD92F217EA625200469FA8 /* ETSNewsViewController.m */ = {isa = PBXFileReference; fileEncoding = 4; lastKnownFileType = sourcecode.c.objc; path = ETSNewsViewController.m; sourceTree = "<group>"; };
		26F393211829984F00995E16 /* ETSSessionHeader.h */ = {isa = PBXFileReference; fileEncoding = 4; lastKnownFileType = sourcecode.c.h; path = ETSSessionHeader.h; sourceTree = "<group>"; };
		26F393221829984F00995E16 /* ETSSessionHeader.m */ = {isa = PBXFileReference; fileEncoding = 4; lastKnownFileType = sourcecode.c.objc; path = ETSSessionHeader.m; sourceTree = "<group>"; };
/* End PBXFileReference section */

/* Begin PBXFrameworksBuildPhase section */
		26DD92A117EA610D00469FA8 /* Frameworks */ = {
			isa = PBXFrameworksBuildPhase;
			buildActionMask = 2147483647;
			files = (
				269316961835DA2D00DE95A0 /* AddressBookUI.framework in Frameworks */,
				269316941835DA2900DE95A0 /* AddressBook.framework in Frameworks */,
				26AE185D17F296CD00DB1EB4 /* QuartzCore.framework in Frameworks */,
				26DD92AA17EA610D00469FA8 /* CoreGraphics.framework in Frameworks */,
				26DD92AE17EA610D00469FA8 /* CoreData.framework in Frameworks */,
				26DD92AC17EA610D00469FA8 /* UIKit.framework in Frameworks */,
				26DD92A817EA610D00469FA8 /* Foundation.framework in Frameworks */,
			);
			runOnlyForDeploymentPostprocessing = 0;
		};
		26DD92CD17EA610D00469FA8 /* Frameworks */ = {
			isa = PBXFrameworksBuildPhase;
			buildActionMask = 2147483647;
			files = (
				26DD92D217EA610D00469FA8 /* XCTest.framework in Frameworks */,
				26DD92D517EA610D00469FA8 /* CoreData.framework in Frameworks */,
				26DD92D417EA610D00469FA8 /* UIKit.framework in Frameworks */,
				26DD92D317EA610D00469FA8 /* Foundation.framework in Frameworks */,
			);
			runOnlyForDeploymentPostprocessing = 0;
		};
/* End PBXFrameworksBuildPhase section */

/* Begin PBXGroup section */
		260108901815968D0037E795 /* Base */ = {
			isa = PBXGroup;
			children = (
				269BFF501810A9A3005D2950 /* ETSConnection.h */,
				269BFF511810A9A3005D2950 /* ETSConnection.m */,
				2601088D181596820037E795 /* ETSCollectionViewController.h */,
				2601088E181596820037E795 /* ETSCollectionViewController.m */,
				266ED33E182EC29D00DC1280 /* ETSTableViewController.h */,
				266ED33F182EC29D00DC1280 /* ETSTableViewController.m */,
				2698C6F01827498800F6281F /* ETSAuthenticationViewController.h */,
				2698C6F11827498800F6281F /* ETSAuthenticationViewController.m */,
			);
			name = Base;
			sourceTree = "<group>";
		};
		266BE77C17ECEFDA00F44252 /* MFSideMenu */ = {
			isa = PBXGroup;
			children = (
				266BE77D17ECEFF300F44252 /* MFSideMenu.h */,
				266BE77E17ECEFF300F44252 /* MFSideMenuContainerViewController.h */,
				266BE77F17ECEFF300F44252 /* MFSideMenuContainerViewController.m */,
				266BE78017ECEFF300F44252 /* MFSideMenuShadow.h */,
				266BE78117ECEFF300F44252 /* MFSideMenuShadow.m */,
				266BE78217ECEFF300F44252 /* UIViewController+MFSideMenuAdditions.h */,
				266BE78317ECEFF300F44252 /* UIViewController+MFSideMenuAdditions.m */,
			);
			name = MFSideMenu;
			sourceTree = "<group>";
		};
		2693168518359ECA00DE95A0 /* Directory */ = {
			isa = PBXGroup;
			children = (
				2693168618359EE200DE95A0 /* ETSDirectoryViewController.h */,
				2693168718359EE200DE95A0 /* ETSDirectoryViewController.m */,
			);
			name = Directory;
			sourceTree = "<group>";
		};
		2698C6F618274F4F00F6281F /* KeychainWrapper */ = {
			isa = PBXGroup;
			children = (
				2698C6F318274F4B00F6281F /* KeychainItemWrapper.h */,
				2698C6F418274F4B00F6281F /* KeychainItemWrapper.m */,
			);
			name = KeychainWrapper;
			sourceTree = "<group>";
		};
		2698C6FB182834E500F6281F /* Courses */ = {
			isa = PBXGroup;
			children = (
				2698C6F8182834E000F6281F /* ETSCourseCell.h */,
				2698C6F9182834E000F6281F /* ETSCourseCell.m */,
				26F393211829984F00995E16 /* ETSSessionHeader.h */,
				26F393221829984F00995E16 /* ETSSessionHeader.m */,
			);
			name = Courses;
			sourceTree = "<group>";
		};
		269BFF591814C627005D2950 /* Courses */ = {
			isa = PBXGroup;
			children = (
				269BFF5A1814C649005D2950 /* ETSCoursesViewController.h */,
				269BFF5B1814C649005D2950 /* ETSCoursesViewController.m */,
				262A6344182B3DDA00B786A0 /* ETSCourseDetailViewController.h */,
				262A6345182B3DDA00B786A0 /* ETSCourseDetailViewController.m */,
			);
			name = Courses;
			sourceTree = "<group>";
		};
		26AE185E17F3275600DB1EB4 /* Styles */ = {
			isa = PBXGroup;
			children = (
				26AE186017F327AC00DB1EB4 /* UIColor+Styles.h */,
				26AE186117F327AC00DB1EB4 /* UIColor+Styles.m */,
			);
			name = Styles;
			sourceTree = "<group>";
		};
		26AE186317F32CA400DB1EB4 /* Categories */ = {
			isa = PBXGroup;
			children = (
				26AE186417F32CC800DB1EB4 /* UIStoryboard+ViewController.h */,
				26AE186517F32CC800DB1EB4 /* UIStoryboard+ViewController.m */,
				269BFF541811A41C005D2950 /* NSManagedObject+SetValues.h */,
				269BFF551811A41C005D2950 /* NSManagedObject+SetValues.m */,
				26085B3E1829D8D700FE35AB /* NSURL+API.h */,
				26085B3F1829D8D700FE35AB /* NSURL+API.m */,
				26A65540182ABE6E00DEE9B7 /* NSURLRequest+API.h */,
				26A65541182ABE6E00DEE9B7 /* NSURLRequest+API.m */,
			);
			name = Categories;
			sourceTree = "<group>";
		};
		26DD929B17EA610D00469FA8 = {
			isa = PBXGroup;
			children = (
				26DD92EB17EA615E00469FA8 /* Vendors */,
				26DD92AF17EA610D00469FA8 /* ETSMobile */,
				26DD92D817EA610D00469FA8 /* ETSMobileTests */,
				26DD92A617EA610D00469FA8 /* Frameworks */,
				26DD92A517EA610D00469FA8 /* Products */,
			);
			sourceTree = "<group>";
		};
		26DD92A517EA610D00469FA8 /* Products */ = {
			isa = PBXGroup;
			children = (
				26DD92A417EA610D00469FA8 /* ETSMobile.app */,
				26DD92D017EA610D00469FA8 /* ETSMobileTests.xctest */,
			);
			name = Products;
			sourceTree = "<group>";
		};
		26DD92A617EA610D00469FA8 /* Frameworks */ = {
			isa = PBXGroup;
			children = (
				269316951835DA2D00DE95A0 /* AddressBookUI.framework */,
				269316931835DA2900DE95A0 /* AddressBook.framework */,
				26AE185B17F2966200DB1EB4 /* QuartzCore.framework */,
				26DD92A717EA610D00469FA8 /* Foundation.framework */,
				26DD92A917EA610D00469FA8 /* CoreGraphics.framework */,
				26DD92AB17EA610D00469FA8 /* UIKit.framework */,
				26DD92AD17EA610D00469FA8 /* CoreData.framework */,
				26DD92D117EA610D00469FA8 /* XCTest.framework */,
			);
			name = Frameworks;
			sourceTree = "<group>";
		};
		26DD92AF17EA610D00469FA8 /* ETSMobile */ = {
			isa = PBXGroup;
			children = (
				26DD92E817EA612800469FA8 /* Models */,
				26DD92E917EA613400469FA8 /* Controllers */,
				26DD92EA17EA613C00469FA8 /* Views */,
				26AE185E17F3275600DB1EB4 /* Styles */,
				26AE186317F32CA400DB1EB4 /* Categories */,
				26DD92B817EA610D00469FA8 /* ETSAppDelegate.h */,
				26DD92B917EA610D00469FA8 /* ETSAppDelegate.m */,
				26DD92BB17EA610D00469FA8 /* Main_iPhone.storyboard */,
				26DD92BE17EA610D00469FA8 /* Main_iPad.storyboard */,
				26DD92C417EA610D00469FA8 /* ETSMasterViewController.h */,
				26DD92C517EA610D00469FA8 /* ETSMasterViewController.m */,
				26DD92C717EA610D00469FA8 /* ETSDetailViewController.h */,
				26DD92C817EA610D00469FA8 /* ETSDetailViewController.m */,
				26DD92CA17EA610D00469FA8 /* Images.xcassets */,
				26DD92C117EA610D00469FA8 /* ETSMobile.xcdatamodeld */,
				26DD92B017EA610D00469FA8 /* Supporting Files */,
			);
			path = ETSMobile;
			sourceTree = "<group>";
		};
		26DD92B017EA610D00469FA8 /* Supporting Files */ = {
			isa = PBXGroup;
			children = (
				269BFF571811A640005D2950 /* ETSAPICoreDataMapping.plist */,
				26DD92B117EA610D00469FA8 /* ETSMobile-Info.plist */,
				26085B3C1829D84300FE35AB /* ETSAPIURL.plist */,
				26DD92B217EA610D00469FA8 /* InfoPlist.strings */,
				26DD92B517EA610D00469FA8 /* main.m */,
				26DD92B717EA610D00469FA8 /* ETSMobile-Prefix.pch */,
			);
			name = "Supporting Files";
			sourceTree = "<group>";
		};
		26DD92D817EA610D00469FA8 /* ETSMobileTests */ = {
			isa = PBXGroup;
			children = (
				26DD92DE17EA610D00469FA8 /* ETSMobileTests.m */,
				26DD92D917EA610D00469FA8 /* Supporting Files */,
			);
			path = ETSMobileTests;
			sourceTree = "<group>";
		};
		26DD92D917EA610D00469FA8 /* Supporting Files */ = {
			isa = PBXGroup;
			children = (
				26DD92DA17EA610D00469FA8 /* ETSMobileTests-Info.plist */,
				26DD92DB17EA610D00469FA8 /* InfoPlist.strings */,
			);
			name = "Supporting Files";
			sourceTree = "<group>";
		};
		26DD92E817EA612800469FA8 /* Models */ = {
			isa = PBXGroup;
			children = (
				26AAF7D7183A861D00C87DEF /* ETSContact.h */,
				26AAF7D8183A861D00C87DEF /* ETSContact.m */,
				266ED34E18300D2900DC1280 /* ETSCourse.h */,
				266ED34F18300D2900DC1280 /* ETSCourse.m */,
				263770921831AFB200D18F94 /* ETSEvaluation.h */,
				263770931831AFB200D18F94 /* ETSEvaluation.m */,
			);
			name = Models;
			sourceTree = "<group>";
		};
		26DD92E917EA613400469FA8 /* Controllers */ = {
			isa = PBXGroup;
			children = (
				260108901815968D0037E795 /* Base */,
				269BFF591814C627005D2950 /* Courses */,
				2693168518359ECA00DE95A0 /* Directory */,
				26DD92ED17EA623300469FA8 /* Menu */,
				26DD92EC17EA622D00469FA8 /* News */,
			);
			name = Controllers;
			sourceTree = "<group>";
		};
		26DD92EA17EA613C00469FA8 /* Views */ = {
			isa = PBXGroup;
			children = (
				2698C6FB182834E500F6281F /* Courses */,
			);
			name = Views;
			sourceTree = "<group>";
		};
		26DD92EB17EA615E00469FA8 /* Vendors */ = {
			isa = PBXGroup;
			children = (
				2698C6F618274F4F00F6281F /* KeychainWrapper */,
				266BE77C17ECEFDA00F44252 /* MFSideMenu */,
			);
			name = Vendors;
			sourceTree = "<group>";
		};
		26DD92EC17EA622D00469FA8 /* News */ = {
			isa = PBXGroup;
			children = (
				26DD92F117EA625200469FA8 /* ETSNewsViewController.h */,
				26DD92F217EA625200469FA8 /* ETSNewsViewController.m */,
			);
			name = News;
			sourceTree = "<group>";
		};
		26DD92ED17EA623300469FA8 /* Menu */ = {
			isa = PBXGroup;
			children = (
				26DD92EE17EA624A00469FA8 /* ETSMenuViewController.h */,
				26DD92EF17EA624A00469FA8 /* ETSMenuViewController.m */,
			);
			name = Menu;
			sourceTree = "<group>";
		};
/* End PBXGroup section */

/* Begin PBXNativeTarget section */
		26DD92A317EA610D00469FA8 /* ETSMobile */ = {
			isa = PBXNativeTarget;
			buildConfigurationList = 26DD92E217EA610D00469FA8 /* Build configuration list for PBXNativeTarget "ETSMobile" */;
			buildPhases = (
				26DD92A017EA610D00469FA8 /* Sources */,
				26DD92A117EA610D00469FA8 /* Frameworks */,
				26DD92A217EA610D00469FA8 /* Resources */,
			);
			buildRules = (
			);
			dependencies = (
			);
			name = ETSMobile;
			productName = ETSMobile;
			productReference = 26DD92A417EA610D00469FA8 /* ETSMobile.app */;
			productType = "com.apple.product-type.application";
		};
		26DD92CF17EA610D00469FA8 /* ETSMobileTests */ = {
			isa = PBXNativeTarget;
			buildConfigurationList = 26DD92E517EA610D00469FA8 /* Build configuration list for PBXNativeTarget "ETSMobileTests" */;
			buildPhases = (
				26DD92CC17EA610D00469FA8 /* Sources */,
				26DD92CD17EA610D00469FA8 /* Frameworks */,
				26DD92CE17EA610D00469FA8 /* Resources */,
			);
			buildRules = (
			);
			dependencies = (
				26DD92D717EA610D00469FA8 /* PBXTargetDependency */,
			);
			name = ETSMobileTests;
			productName = ETSMobileTests;
			productReference = 26DD92D017EA610D00469FA8 /* ETSMobileTests.xctest */;
			productType = "com.apple.product-type.bundle.unit-test";
		};
/* End PBXNativeTarget section */

/* Begin PBXProject section */
		26DD929C17EA610D00469FA8 /* Project object */ = {
			isa = PBXProject;
			attributes = {
				CLASSPREFIX = ETS;
				LastUpgradeCheck = 0500;
				ORGANIZATIONNAME = ApplETS;
				TargetAttributes = {
					26DD92A317EA610D00469FA8 = {
						DevelopmentTeam = N742HF354K;
					};
					26DD92CF17EA610D00469FA8 = {
						TestTargetID = 26DD92A317EA610D00469FA8;
					};
				};
			};
			buildConfigurationList = 26DD929F17EA610D00469FA8 /* Build configuration list for PBXProject "ETSMobile" */;
			compatibilityVersion = "Xcode 3.2";
			developmentRegion = English;
			hasScannedForEncodings = 0;
			knownRegions = (
				en,
				Base,
			);
			mainGroup = 26DD929B17EA610D00469FA8;
			productRefGroup = 26DD92A517EA610D00469FA8 /* Products */;
			projectDirPath = "";
			projectRoot = "";
			targets = (
				26DD92A317EA610D00469FA8 /* ETSMobile */,
				26DD92CF17EA610D00469FA8 /* ETSMobileTests */,
			);
		};
/* End PBXProject section */

/* Begin PBXResourcesBuildPhase section */
		26DD92A217EA610D00469FA8 /* Resources */ = {
			isa = PBXResourcesBuildPhase;
			buildActionMask = 2147483647;
			files = (
				26085B3D1829D84300FE35AB /* ETSAPIURL.plist in Resources */,
				26DD92C017EA610D00469FA8 /* Main_iPad.storyboard in Resources */,
				269BFF581811A640005D2950 /* ETSAPICoreDataMapping.plist in Resources */,
				26DD92CB17EA610D00469FA8 /* Images.xcassets in Resources */,
				26DD92BD17EA610D00469FA8 /* Main_iPhone.storyboard in Resources */,
				26DD92B417EA610D00469FA8 /* InfoPlist.strings in Resources */,
			);
			runOnlyForDeploymentPostprocessing = 0;
		};
		26DD92CE17EA610D00469FA8 /* Resources */ = {
			isa = PBXResourcesBuildPhase;
			buildActionMask = 2147483647;
			files = (
				26DD92DD17EA610D00469FA8 /* InfoPlist.strings in Resources */,
			);
			runOnlyForDeploymentPostprocessing = 0;
		};
/* End PBXResourcesBuildPhase section */

/* Begin PBXSourcesBuildPhase section */
		26DD92A017EA610D00469FA8 /* Sources */ = {
			isa = PBXSourcesBuildPhase;
			buildActionMask = 2147483647;
			files = (
				266ED340182EC29D00DC1280 /* ETSTableViewController.m in Sources */,
				262A6346182B3DDA00B786A0 /* ETSCourseDetailViewController.m in Sources */,
				269BFF521810A9A3005D2950 /* ETSConnection.m in Sources */,
				269BFF561811A41C005D2950 /* NSManagedObject+SetValues.m in Sources */,
				26DD92F017EA624A00469FA8 /* ETSMenuViewController.m in Sources */,
				26F393231829984F00995E16 /* ETSSessionHeader.m in Sources */,
				26AAF7D9183A861D00C87DEF /* ETSContact.m in Sources */,
				2698C6F21827498800F6281F /* ETSAuthenticationViewController.m in Sources */,
				26AE186617F32CC800DB1EB4 /* UIStoryboard+ViewController.m in Sources */,
				26DD92B617EA610D00469FA8 /* main.m in Sources */,
				26DD92BA17EA610D00469FA8 /* ETSAppDelegate.m in Sources */,
				26DD92C317EA610D00469FA8 /* ETSMobile.xcdatamodeld in Sources */,
				263770941831AFB200D18F94 /* ETSEvaluation.m in Sources */,
				26A65542182ABE6E00DEE9B7 /* NSURLRequest+API.m in Sources */,
				266BE78517ECEFF300F44252 /* MFSideMenuShadow.m in Sources */,
				2693168818359EE200DE95A0 /* ETSDirectoryViewController.m in Sources */,
				2601088F181596820037E795 /* ETSCollectionViewController.m in Sources */,
				26DD92C617EA610D00469FA8 /* ETSMasterViewController.m in Sources */,
				26085B401829D8D700FE35AB /* NSURL+API.m in Sources */,
				266BE78417ECEFF300F44252 /* MFSideMenuContainerViewController.m in Sources */,
				26AE186217F327AC00DB1EB4 /* UIColor+Styles.m in Sources */,
				266BE78617ECEFF300F44252 /* UIViewController+MFSideMenuAdditions.m in Sources */,
				2698C6FA182834E000F6281F /* ETSCourseCell.m in Sources */,
				266ED35018300D2900DC1280 /* ETSCourse.m in Sources */,
				269BFF5C1814C649005D2950 /* ETSCoursesViewController.m in Sources */,
				26DD92F317EA625200469FA8 /* ETSNewsViewController.m in Sources */,
				26DD92C917EA610D00469FA8 /* ETSDetailViewController.m in Sources */,
				2698C6F518274F4B00F6281F /* KeychainItemWrapper.m in Sources */,
			);
			runOnlyForDeploymentPostprocessing = 0;
		};
		26DD92CC17EA610D00469FA8 /* Sources */ = {
			isa = PBXSourcesBuildPhase;
			buildActionMask = 2147483647;
			files = (
				26DD92DF17EA610D00469FA8 /* ETSMobileTests.m in Sources */,
			);
			runOnlyForDeploymentPostprocessing = 0;
		};
/* End PBXSourcesBuildPhase section */

/* Begin PBXTargetDependency section */
		26DD92D717EA610D00469FA8 /* PBXTargetDependency */ = {
			isa = PBXTargetDependency;
			target = 26DD92A317EA610D00469FA8 /* ETSMobile */;
			targetProxy = 26DD92D617EA610D00469FA8 /* PBXContainerItemProxy */;
		};
/* End PBXTargetDependency section */

/* Begin PBXVariantGroup section */
		26DD92B217EA610D00469FA8 /* InfoPlist.strings */ = {
			isa = PBXVariantGroup;
			children = (
				26DD92B317EA610D00469FA8 /* en */,
			);
			name = InfoPlist.strings;
			sourceTree = "<group>";
		};
		26DD92BB17EA610D00469FA8 /* Main_iPhone.storyboard */ = {
			isa = PBXVariantGroup;
			children = (
				26DD92BC17EA610D00469FA8 /* Base */,
			);
			name = Main_iPhone.storyboard;
			sourceTree = "<group>";
		};
		26DD92BE17EA610D00469FA8 /* Main_iPad.storyboard */ = {
			isa = PBXVariantGroup;
			children = (
				26DD92BF17EA610D00469FA8 /* Base */,
			);
			name = Main_iPad.storyboard;
			sourceTree = "<group>";
		};
		26DD92DB17EA610D00469FA8 /* InfoPlist.strings */ = {
			isa = PBXVariantGroup;
			children = (
				26DD92DC17EA610D00469FA8 /* en */,
			);
			name = InfoPlist.strings;
			sourceTree = "<group>";
		};
/* End PBXVariantGroup section */

/* Begin XCBuildConfiguration section */
		26DD92E017EA610D00469FA8 /* Debug */ = {
			isa = XCBuildConfiguration;
			buildSettings = {
				ALWAYS_SEARCH_USER_PATHS = NO;
				ARCHS = "$(ARCHS_STANDARD_INCLUDING_64_BIT)";
				CLANG_CXX_LANGUAGE_STANDARD = "gnu++0x";
				CLANG_CXX_LIBRARY = "libc++";
				CLANG_ENABLE_MODULES = YES;
				CLANG_ENABLE_OBJC_ARC = YES;
				CLANG_WARN_BOOL_CONVERSION = YES;
				CLANG_WARN_CONSTANT_CONVERSION = YES;
				CLANG_WARN_DIRECT_OBJC_ISA_USAGE = YES_ERROR;
				CLANG_WARN_EMPTY_BODY = YES;
				CLANG_WARN_ENUM_CONVERSION = YES;
				CLANG_WARN_INT_CONVERSION = YES;
				CLANG_WARN_OBJC_ROOT_CLASS = YES_ERROR;
				CLANG_WARN__DUPLICATE_METHOD_MATCH = YES;
				"CODE_SIGN_IDENTITY[sdk=iphoneos*]" = "iPhone Developer";
				COPY_PHASE_STRIP = NO;
				GCC_C_LANGUAGE_STANDARD = gnu99;
				GCC_DYNAMIC_NO_PIC = NO;
				GCC_OPTIMIZATION_LEVEL = 0;
				GCC_PREPROCESSOR_DEFINITIONS = (
					"DEBUG=1",
					"$(inherited)",
				);
				GCC_SYMBOLS_PRIVATE_EXTERN = NO;
				GCC_WARN_64_TO_32_BIT_CONVERSION = YES;
				GCC_WARN_ABOUT_RETURN_TYPE = YES_ERROR;
				GCC_WARN_UNDECLARED_SELECTOR = YES;
				GCC_WARN_UNINITIALIZED_AUTOS = YES;
				GCC_WARN_UNUSED_FUNCTION = YES;
				GCC_WARN_UNUSED_VARIABLE = YES;
				IPHONEOS_DEPLOYMENT_TARGET = 7.0;
				ONLY_ACTIVE_ARCH = YES;
				SDKROOT = iphoneos;
				TARGETED_DEVICE_FAMILY = "1,2";
			};
			name = Debug;
		};
		26DD92E117EA610D00469FA8 /* Release */ = {
			isa = XCBuildConfiguration;
			buildSettings = {
				ALWAYS_SEARCH_USER_PATHS = NO;
				ARCHS = "$(ARCHS_STANDARD_INCLUDING_64_BIT)";
				CLANG_CXX_LANGUAGE_STANDARD = "gnu++0x";
				CLANG_CXX_LIBRARY = "libc++";
				CLANG_ENABLE_MODULES = YES;
				CLANG_ENABLE_OBJC_ARC = YES;
				CLANG_WARN_BOOL_CONVERSION = YES;
				CLANG_WARN_CONSTANT_CONVERSION = YES;
				CLANG_WARN_DIRECT_OBJC_ISA_USAGE = YES_ERROR;
				CLANG_WARN_EMPTY_BODY = YES;
				CLANG_WARN_ENUM_CONVERSION = YES;
				CLANG_WARN_INT_CONVERSION = YES;
				CLANG_WARN_OBJC_ROOT_CLASS = YES_ERROR;
				CLANG_WARN__DUPLICATE_METHOD_MATCH = YES;
				"CODE_SIGN_IDENTITY[sdk=iphoneos*]" = "iPhone Developer";
				COPY_PHASE_STRIP = YES;
				ENABLE_NS_ASSERTIONS = NO;
				GCC_C_LANGUAGE_STANDARD = gnu99;
				GCC_WARN_64_TO_32_BIT_CONVERSION = YES;
				GCC_WARN_ABOUT_RETURN_TYPE = YES_ERROR;
				GCC_WARN_UNDECLARED_SELECTOR = YES;
				GCC_WARN_UNINITIALIZED_AUTOS = YES;
				GCC_WARN_UNUSED_FUNCTION = YES;
				GCC_WARN_UNUSED_VARIABLE = YES;
				IPHONEOS_DEPLOYMENT_TARGET = 7.0;
				SDKROOT = iphoneos;
				TARGETED_DEVICE_FAMILY = "1,2";
				VALIDATE_PRODUCT = YES;
			};
			name = Release;
		};
		26DD92E317EA610D00469FA8 /* Debug */ = {
			isa = XCBuildConfiguration;
			buildSettings = {
				ASSETCATALOG_COMPILER_APPICON_NAME = AppIcon;
				ASSETCATALOG_COMPILER_LAUNCHIMAGE_NAME = LaunchImage;
				CLANG_ENABLE_OBJC_ARC = YES;
				CODE_SIGN_IDENTITY = "iPhone Developer";
				"CODE_SIGN_IDENTITY[sdk=iphoneos*]" = "iPhone Developer";
				GCC_PRECOMPILE_PREFIX_HEADER = YES;
				GCC_PREFIX_HEADER = "ETSMobile/ETSMobile-Prefix.pch";
				INFOPLIST_FILE = "ETSMobile/ETSMobile-Info.plist";
				PRODUCT_NAME = "$(TARGET_NAME)";
				PROVISIONING_PROFILE = "";
				WRAPPER_EXTENSION = app;
			};
			name = Debug;
		};
		26DD92E417EA610D00469FA8 /* Release */ = {
			isa = XCBuildConfiguration;
			buildSettings = {
				ASSETCATALOG_COMPILER_APPICON_NAME = AppIcon;
				ASSETCATALOG_COMPILER_LAUNCHIMAGE_NAME = LaunchImage;
				CLANG_ENABLE_OBJC_ARC = YES;
				CODE_SIGN_IDENTITY = "iPhone Developer";
				"CODE_SIGN_IDENTITY[sdk=iphoneos*]" = "iPhone Developer";
				GCC_PRECOMPILE_PREFIX_HEADER = YES;
				GCC_PREFIX_HEADER = "ETSMobile/ETSMobile-Prefix.pch";
				INFOPLIST_FILE = "ETSMobile/ETSMobile-Info.plist";
				PRODUCT_NAME = "$(TARGET_NAME)";
				PROVISIONING_PROFILE = "";
				WRAPPER_EXTENSION = app;
			};
			name = Release;
		};
		26DD92E617EA610D00469FA8 /* Debug */ = {
			isa = XCBuildConfiguration;
			buildSettings = {
				ARCHS = "$(ARCHS_STANDARD_INCLUDING_64_BIT)";
				BUNDLE_LOADER = "$(BUILT_PRODUCTS_DIR)/ETSMobile.app/ETSMobile";
				FRAMEWORK_SEARCH_PATHS = (
					"$(SDKROOT)/Developer/Library/Frameworks",
					"$(inherited)",
					"$(DEVELOPER_FRAMEWORKS_DIR)",
				);
				GCC_PRECOMPILE_PREFIX_HEADER = YES;
				GCC_PREFIX_HEADER = "ETSMobile/ETSMobile-Prefix.pch";
				GCC_PREPROCESSOR_DEFINITIONS = (
					"DEBUG=1",
					"$(inherited)",
				);
				INFOPLIST_FILE = "ETSMobileTests/ETSMobileTests-Info.plist";
				PRODUCT_NAME = "$(TARGET_NAME)";
				TEST_HOST = "$(BUNDLE_LOADER)";
				WRAPPER_EXTENSION = xctest;
			};
			name = Debug;
		};
		26DD92E717EA610D00469FA8 /* Release */ = {
			isa = XCBuildConfiguration;
			buildSettings = {
				ARCHS = "$(ARCHS_STANDARD_INCLUDING_64_BIT)";
				BUNDLE_LOADER = "$(BUILT_PRODUCTS_DIR)/ETSMobile.app/ETSMobile";
				FRAMEWORK_SEARCH_PATHS = (
					"$(SDKROOT)/Developer/Library/Frameworks",
					"$(inherited)",
					"$(DEVELOPER_FRAMEWORKS_DIR)",
				);
				GCC_PRECOMPILE_PREFIX_HEADER = YES;
				GCC_PREFIX_HEADER = "ETSMobile/ETSMobile-Prefix.pch";
				INFOPLIST_FILE = "ETSMobileTests/ETSMobileTests-Info.plist";
				PRODUCT_NAME = "$(TARGET_NAME)";
				TEST_HOST = "$(BUNDLE_LOADER)";
				WRAPPER_EXTENSION = xctest;
			};
			name = Release;
		};
/* End XCBuildConfiguration section */

/* Begin XCConfigurationList section */
		26DD929F17EA610D00469FA8 /* Build configuration list for PBXProject "ETSMobile" */ = {
			isa = XCConfigurationList;
			buildConfigurations = (
				26DD92E017EA610D00469FA8 /* Debug */,
				26DD92E117EA610D00469FA8 /* Release */,
			);
			defaultConfigurationIsVisible = 0;
			defaultConfigurationName = Release;
		};
		26DD92E217EA610D00469FA8 /* Build configuration list for PBXNativeTarget "ETSMobile" */ = {
			isa = XCConfigurationList;
			buildConfigurations = (
				26DD92E317EA610D00469FA8 /* Debug */,
				26DD92E417EA610D00469FA8 /* Release */,
			);
			defaultConfigurationIsVisible = 0;
			defaultConfigurationName = Release;
		};
		26DD92E517EA610D00469FA8 /* Build configuration list for PBXNativeTarget "ETSMobileTests" */ = {
			isa = XCConfigurationList;
			buildConfigurations = (
				26DD92E617EA610D00469FA8 /* Debug */,
				26DD92E717EA610D00469FA8 /* Release */,
			);
			defaultConfigurationIsVisible = 0;
			defaultConfigurationName = Release;
		};
/* End XCConfigurationList section */

/* Begin XCVersionGroup section */
		26DD92C117EA610D00469FA8 /* ETSMobile.xcdatamodeld */ = {
			isa = XCVersionGroup;
			children = (
				26DD92C217EA610D00469FA8 /* ETSMobile.xcdatamodel */,
			);
			currentVersion = 26DD92C217EA610D00469FA8 /* ETSMobile.xcdatamodel */;
			path = ETSMobile.xcdatamodeld;
			sourceTree = "<group>";
			versionGroupType = wrapper.xcdatamodel;
		};
/* End XCVersionGroup section */
	};
	rootObject = 26DD929C17EA610D00469FA8 /* Project object */;
}
