PODS:
  - AMScrollingNavbar (1.5.1)
  - Crashlytics (3.6.0):
    - Fabric (~> 1.6.3)
  - Fabric (1.6.3)
  - MSCollectionViewCalendarLayout (0.1.5)
  - MSDynamicsDrawerViewController (1.5.1)
  - SDWebImage (3.7.4):
    - SDWebImage/Core (= 3.7.4)
  - SDWebImage/Core (3.7.4)
  - STKWebKitViewController (0.5.0)
  - SupportKit (2.11.1)
  - TUSafariActivity (1.0.4)

DEPENDENCIES:
  - AMScrollingNavbar (~> 1.0)
  - Crashlytics
  - Fabric
  - MSCollectionViewCalendarLayout
  - MSDynamicsDrawerViewController
  - SDWebImage (~> 3.7)
  - STKWebKitViewController
  - SupportKit
  - TUSafariActivity

SPEC CHECKSUMS:
  AMScrollingNavbar: 767ed2db60d927a809bddff5d01b739b7020b12b
  Crashlytics: e4e8d02914f2608fbc7bf42b1a7af838b0db67a2
  Fabric: cbe0ca6c9531bba17910052f6f105fcbc5fa7f67
  MSCollectionViewCalendarLayout: 9c52894930d6b712951f18873618fc32c00cd4fa
  MSDynamicsDrawerViewController: 2874df90f5e9453dc7d4e32f8038b50615d4baa7
  SDWebImage: 247edd7dd80dd6124197b0d6a17846fe9d1df968
  STKWebKitViewController: 1371f39e5f697de11aa091064eeed6eb515a2511
  SupportKit: 3372cf5d6090de7bd035bee21589b0efb9016fd6
  TUSafariActivity: afc55a00965377939107ce4fdc7f951f62454546

COCOAPODS: 0.39.0
